
Microsoft Visual Studio Solution File, Format Version 12.00
# Visual Studio 15
VisualStudioVersion = 15.0.26730.10
MinimumVisualStudioVersion = 10.0.40219.1
Project("{FAE04EC0-301F-11D3-BF4B-00C04F79EFBC}") = "ClassLibTest", "ClassLibTest\ClassLibTest.csproj", "{DD46F4B0-7874-48F3-B695-B17D252F575D}"
EndProject
Global
	GlobalSection(SolutionConfigurationPlatforms) = preSolution
		Debug|Any CPU = Debug|Any CPU
		Release|Any CPU = Release|Any CPU
	EndGlobalSection
	GlobalSection(ProjectConfigurationPlatforms) = postSolution
		{DD46F4B0-7874-48F3-B695-B17D252F575D}.Debug|Any CPU.ActiveCfg = Debug|Any CPU
		{DD46F4B0-7874-48F3-B695-B17D252F575D}.Debug|Any CPU.Build.0 = Debug|Any CPU
		{DD46F4B0-7874-48F3-B695-B17D252F575D}.Release|Any CPU.ActiveCfg = Release|Any CPU
		{DD46F4B0-7874-48F3-B695-B17D252F575D}.Release|Any CPU.Build.0 = Release|Any CPU
	EndGlobalSection
	GlobalSection(SolutionProperties) = preSolution
		HideSolutionNode = FALSE
	EndGlobalSection
	GlobalSection(ExtensibilityGlobals) = postSolution
		SolutionGuid = {0C30873D-6480-416E-9659-F5FDE0D58F60}
	EndGlobalSection
EndGlobal
